// !$*UTF8*$!
{
	archiveVersion = 1;
	classes = {
	};
	objectVersion = 55;
	objects = {

/* Begin PBXBuildFile section */
		846274622799BCF900C254BD /* AppDelegate.swift in Sources */ = {isa = PBXBuildFile; fileRef = 846274612799BCF900C254BD /* AppDelegate.swift */; };
		846274642799BCF900C254BD /* SceneDelegate.swift in Sources */ = {isa = PBXBuildFile; fileRef = 846274632799BCF900C254BD /* SceneDelegate.swift */; };
		846274662799BCF900C254BD /* ViewController.swift in Sources */ = {isa = PBXBuildFile; fileRef = 846274652799BCF900C254BD /* ViewController.swift */; };
		846274692799BCF900C254BD /* Main.storyboard in Resources */ = {isa = PBXBuildFile; fileRef = 846274672799BCF900C254BD /* Main.storyboard */; };
		8462746B2799BCFB00C254BD /* Assets.xcassets in Resources */ = {isa = PBXBuildFile; fileRef = 8462746A2799BCFB00C254BD /* Assets.xcassets */; };
		8462746E2799BCFB00C254BD /* LaunchScreen.storyboard in Resources */ = {isa = PBXBuildFile; fileRef = 8462746C2799BCFB00C254BD /* LaunchScreen.storyboard */; };
		8462747A2799C64D00C254BD /* CollectionViewCell.swift in Sources */ = {isa = PBXBuildFile; fileRef = 846274792799C64D00C254BD /* CollectionViewCell.swift */; };
		8462747C2799C71800C254BD /* CurrencyModel.swift in Sources */ = {isa = PBXBuildFile; fileRef = 8462747B2799C71800C254BD /* CurrencyModel.swift */; };
		8462747E2799E77E00C254BD /* ApiService.swift in Sources */ = {isa = PBXBuildFile; fileRef = 8462747D2799E77E00C254BD /* ApiService.swift */; };
		846274802799F51600C254BD /* Response.swift in Sources */ = {isa = PBXBuildFile; fileRef = 8462747F2799F51600C254BD /* Response.swift */; };
		84627482279A0C9D00C254BD /* ViewControllerModel.swift in Sources */ = {isa = PBXBuildFile; fileRef = 84627481279A0C9D00C254BD /* ViewControllerModel.swift */; };
		8492920F279A347F0050971B /* AppSetting.swift in Sources */ = {isa = PBXBuildFile; fileRef = 8492920E279A347F0050971B /* AppSetting.swift */; };
		84929211279A377A0050971B /* ChangeViewController.swift in Sources */ = {isa = PBXBuildFile; fileRef = 84929210279A377A0050971B /* ChangeViewController.swift */; };
		84929213279A3A200050971B /* ChangeTableCell.swift in Sources */ = {isa = PBXBuildFile; fileRef = 84929212279A3A200050971B /* ChangeTableCell.swift */; };
		84929216279A3B5F0050971B /* ChangeViewExtension.swift in Sources */ = {isa = PBXBuildFile; fileRef = 84929215279A3B5F0050971B /* ChangeViewExtension.swift */; };
/* End PBXBuildFile section */

/* Begin PBXFileReference section */
		8462745E2799BCF900C254BD /* BtcWorth.app */ = {isa = PBXFileReference; explicitFileType = wrapper.application; includeInIndex = 0; path = BtcWorth.app; sourceTree = BUILT_PRODUCTS_DIR; };
		846274612799BCF900C254BD /* AppDelegate.swift */ = {isa = PBXFileReference; lastKnownFileType = sourcecode.swift; path = AppDelegate.swift; sourceTree = "<group>"; };
		846274632799BCF900C254BD /* SceneDelegate.swift */ = {isa = PBXFileReference; lastKnownFileType = sourcecode.swift; path = SceneDelegate.swift; sourceTree = "<group>"; };
		846274652799BCF900C254BD /* ViewController.swift */ = {isa = PBXFileReference; lastKnownFileType = sourcecode.swift; path = ViewController.swift; sourceTree = "<group>"; };
		846274682799BCF900C254BD /* Base */ = {isa = PBXFileReference; lastKnownFileType = file.storyboard; name = Base; path = Base.lproj/Main.storyboard; sourceTree = "<group>"; };
		8462746A2799BCFB00C254BD /* Assets.xcassets */ = {isa = PBXFileReference; lastKnownFileType = folder.assetcatalog; path = Assets.xcassets; sourceTree = "<group>"; };
		8462746D2799BCFB00C254BD /* Base */ = {isa = PBXFileReference; lastKnownFileType = file.storyboard; name = Base; path = Base.lproj/LaunchScreen.storyboard; sourceTree = "<group>"; };
		8462746F2799BCFB00C254BD /* Info.plist */ = {isa = PBXFileReference; lastKnownFileType = text.plist.xml; path = Info.plist; sourceTree = "<group>"; };
		846274792799C64D00C254BD /* CollectionViewCell.swift */ = {isa = PBXFileReference; lastKnownFileType = sourcecode.swift; path = CollectionViewCell.swift; sourceTree = "<group>"; };
		8462747B2799C71800C254BD /* CurrencyModel.swift */ = {isa = PBXFileReference; lastKnownFileType = sourcecode.swift; path = CurrencyModel.swift; sourceTree = "<group>"; };
		8462747D2799E77E00C254BD /* ApiService.swift */ = {isa = PBXFileReference; lastKnownFileType = sourcecode.swift; path = ApiService.swift; sourceTree = "<group>"; };
		8462747F2799F51600C254BD /* Response.swift */ = {isa = PBXFileReference; lastKnownFileType = sourcecode.swift; path = Response.swift; sourceTree = "<group>"; };
		84627481279A0C9D00C254BD /* ViewControllerModel.swift */ = {isa = PBXFileReference; lastKnownFileType = sourcecode.swift; path = ViewControllerModel.swift; sourceTree = "<group>"; };
		8492920E279A347F0050971B /* AppSetting.swift */ = {isa = PBXFileReference; lastKnownFileType = sourcecode.swift; path = AppSetting.swift; sourceTree = "<group>"; };
		84929210279A377A0050971B /* ChangeViewController.swift */ = {isa = PBXFileReference; lastKnownFileType = sourcecode.swift; path = ChangeViewController.swift; sourceTree = "<group>"; };
		84929212279A3A200050971B /* ChangeTableCell.swift */ = {isa = PBXFileReference; lastKnownFileType = sourcecode.swift; path = ChangeTableCell.swift; sourceTree = "<group>"; };
		84929215279A3B5F0050971B /* ChangeViewExtension.swift */ = {isa = PBXFileReference; lastKnownFileType = sourcecode.swift; path = ChangeViewExtension.swift; sourceTree = "<group>"; };
/* End PBXFileReference section */

/* Begin PBXFrameworksBuildPhase section */
		8462745B2799BCF900C254BD /* Frameworks */ = {
			isa = PBXFrameworksBuildPhase;
			buildActionMask = 2147483647;
			files = (
			);
			runOnlyForDeploymentPostprocessing = 0;
		};
/* End PBXFrameworksBuildPhase section */

/* Begin PBXGroup section */
		846274552799BCF900C254BD = {
			isa = PBXGroup;
			children = (
				846274602799BCF900C254BD /* BtcWorth */,
				8462745F2799BCF900C254BD /* Products */,
			);
			sourceTree = "<group>";
		};
		8462745F2799BCF900C254BD /* Products */ = {
			isa = PBXGroup;
			children = (
				8462745E2799BCF900C254BD /* BtcWorth.app */,
			);
			name = Products;
			sourceTree = "<group>";
		};
		846274602799BCF900C254BD /* BtcWorth */ = {
			isa = PBXGroup;
			children = (
				846274772799BDBF00C254BD /* Service */,
				846274762799BDBA00C254BD /* View */,
				846274752799BDB400C254BD /* Model */,
				846274612799BCF900C254BD /* AppDelegate.swift */,
				846274632799BCF900C254BD /* SceneDelegate.swift */,
				846274672799BCF900C254BD /* Main.storyboard */,
				8462746A2799BCFB00C254BD /* Assets.xcassets */,
				8462746C2799BCFB00C254BD /* LaunchScreen.storyboard */,
				8462746F2799BCFB00C254BD /* Info.plist */,
			);
			path = BtcWorth;
			sourceTree = "<group>";
		};
		846274752799BDB400C254BD /* Model */ = {
			isa = PBXGroup;
			children = (
				8462747B2799C71800C254BD /* CurrencyModel.swift */,
				8462747F2799F51600C254BD /* Response.swift */,
				8492920E279A347F0050971B /* AppSetting.swift */,
			);
			path = Model;
			sourceTree = "<group>";
		};
		846274762799BDBA00C254BD /* View */ = {
			isa = PBXGroup;
			children = (
				84FD5908279B59C900345F04 /* Extension */,
				846274782799BDC600C254BD /* Model */,
				84929214279A3B0C0050971B /* Cell */,
				846274652799BCF900C254BD /* ViewController.swift */,
				84929210279A377A0050971B /* ChangeViewController.swift */,
			);
			path = View;
			sourceTree = "<group>";
		};
		846274772799BDBF00C254BD /* Service */ = {
			isa = PBXGroup;
			children = (
				8462747D2799E77E00C254BD /* ApiService.swift */,
			);
			path = Service;
			sourceTree = "<group>";
		};
		846274782799BDC600C254BD /* Model */ = {
			isa = PBXGroup;
			children = (
				84627481279A0C9D00C254BD /* ViewControllerModel.swift */,
			);
			path = Model;
			sourceTree = "<group>";
		};
		84929214279A3B0C0050971B /* Cell */ = {
			isa = PBXGroup;
			children = (
				84929212279A3A200050971B /* ChangeTableCell.swift */,
				846274792799C64D00C254BD /* CollectionViewCell.swift */,
			);
			path = Cell;
			sourceTree = "<group>";
		};
		84FD5908279B59C900345F04 /* Extension */ = {
			isa = PBXGroup;
			children = (
				84929215279A3B5F0050971B /* ChangeViewExtension.swift */,
			);
			path = Extension;
			sourceTree = "<group>";
		};
/* End PBXGroup section */

/* Begin PBXNativeTarget section */
		8462745D2799BCF900C254BD /* BtcWorth */ = {
			isa = PBXNativeTarget;
			buildConfigurationList = 846274722799BCFB00C254BD /* Build configuration list for PBXNativeTarget "BtcWorth" */;
			buildPhases = (
				8462745A2799BCF900C254BD /* Sources */,
				8462745B2799BCF900C254BD /* Frameworks */,
				8462745C2799BCF900C254BD /* Resources */,
			);
			buildRules = (
			);
			dependencies = (
			);
			name = BtcWorth;
			productName = BtcWorth;
			productReference = 8462745E2799BCF900C254BD /* BtcWorth.app */;
			productType = "com.apple.product-type.application";
		};
/* End PBXNativeTarget section */

/* Begin PBXProject section */
		846274562799BCF900C254BD /* Project object */ = {
			isa = PBXProject;
			attributes = {
				BuildIndependentTargetsInParallel = 1;
				LastSwiftUpdateCheck = 1320;
				LastUpgradeCheck = 1320;
				TargetAttributes = {
					8462745D2799BCF900C254BD = {
						CreatedOnToolsVersion = 13.2;
					};
				};
			};
			buildConfigurationList = 846274592799BCF900C254BD /* Build configuration list for PBXProject "BtcWorth" */;
			compatibilityVersion = "Xcode 13.0";
			developmentRegion = en;
			hasScannedForEncodings = 0;
			knownRegions = (
				en,
				Base,
			);
			mainGroup = 846274552799BCF900C254BD;
			productRefGroup = 8462745F2799BCF900C254BD /* Products */;
			projectDirPath = "";
			projectRoot = "";
			targets = (
				8462745D2799BCF900C254BD /* BtcWorth */,
			);
		};
/* End PBXProject section */

/* Begin PBXResourcesBuildPhase section */
		8462745C2799BCF900C254BD /* Resources */ = {
			isa = PBXResourcesBuildPhase;
			buildActionMask = 2147483647;
			files = (
				8462746E2799BCFB00C254BD /* LaunchScreen.storyboard in Resources */,
				8462746B2799BCFB00C254BD /* Assets.xcassets in Resources */,
				846274692799BCF900C254BD /* Main.storyboard in Resources */,
			);
			runOnlyForDeploymentPostprocessing = 0;
		};
/* End PBXResourcesBuildPhase section */

/* Begin PBXSourcesBuildPhase section */
		8462745A2799BCF900C254BD /* Sources */ = {
			isa = PBXSourcesBuildPhase;
			buildActionMask = 2147483647;
			files = (
				84929211279A377A0050971B /* ChangeViewController.swift in Sources */,
				8462747C2799C71800C254BD /* CurrencyModel.swift in Sources */,
				84929216279A3B5F0050971B /* ChangeViewExtension.swift in Sources */,
				846274662799BCF900C254BD /* ViewController.swift in Sources */,
				8462747E2799E77E00C254BD /* ApiService.swift in Sources */,
				846274622799BCF900C254BD /* AppDelegate.swift in Sources */,
				84627482279A0C9D00C254BD /* ViewControllerModel.swift in Sources */,
				8492920F279A347F0050971B /* AppSetting.swift in Sources */,
				8462747A2799C64D00C254BD /* CollectionViewCell.swift in Sources */,
				846274642799BCF900C254BD /* SceneDelegate.swift in Sources */,
				846274802799F51600C254BD /* Response.swift in Sources */,
				84929213279A3A200050971B /* ChangeTableCell.swift in Sources */,
			);
			runOnlyForDeploymentPostprocessing = 0;
		};
/* End PBXSourcesBuildPhase section */

/* Begin PBXVariantGroup section */
		846274672799BCF900C254BD /* Main.storyboard */ = {
			isa = PBXVariantGroup;
			children = (
				846274682799BCF900C254BD /* Base */,
			);
			name = Main.storyboard;
			sourceTree = "<group>";
		};
		8462746C2799BCFB00C254BD /* LaunchScreen.storyboard */ = {
			isa = PBXVariantGroup;
			children = (
				8462746D2799BCFB00C254BD /* Base */,
			);
			name = LaunchScreen.storyboard;
			sourceTree = "<group>";
		};
/* End PBXVariantGroup section */

/* Begin XCBuildConfiguration section */
		846274702799BCFB00C254BD /* Debug */ = {
			isa = XCBuildConfiguration;
			buildSettings = {
				ALWAYS_SEARCH_USER_PATHS = NO;
				CLANG_ANALYZER_NONNULL = YES;
				CLANG_ANALYZER_NUMBER_OBJECT_CONVERSION = YES_AGGRESSIVE;
				CLANG_CXX_LANGUAGE_STANDARD = "gnu++17";
				CLANG_CXX_LIBRARY = "libc++";
				CLANG_ENABLE_MODULES = YES;
				CLANG_ENABLE_OBJC_ARC = YES;
				CLANG_ENABLE_OBJC_WEAK = YES;
				CLANG_WARN_BLOCK_CAPTURE_AUTORELEASING = YES;
				CLANG_WARN_BOOL_CONVERSION = YES;
				CLANG_WARN_COMMA = YES;
				CLANG_WARN_CONSTANT_CONVERSION = YES;
				CLANG_WARN_DEPRECATED_OBJC_IMPLEMENTATIONS = YES;
				CLANG_WARN_DIRECT_OBJC_ISA_USAGE = YES_ERROR;
				CLANG_WARN_DOCUMENTATION_COMMENTS = YES;
				CLANG_WARN_EMPTY_BODY = YES;
				CLANG_WARN_ENUM_CONVERSION = YES;
				CLANG_WARN_INFINITE_RECURSION = YES;
				CLANG_WARN_INT_CONVERSION = YES;
				CLANG_WARN_NON_LITERAL_NULL_CONVERSION = YES;
				CLANG_WARN_OBJC_IMPLICIT_RETAIN_SELF = YES;
				CLANG_WARN_OBJC_LITERAL_CONVERSION = YES;
				CLANG_WARN_OBJC_ROOT_CLASS = YES_ERROR;
				CLANG_WARN_QUOTED_INCLUDE_IN_FRAMEWORK_HEADER = YES;
				CLANG_WARN_RANGE_LOOP_ANALYSIS = YES;
				CLANG_WARN_STRICT_PROTOTYPES = YES;
				CLANG_WARN_SUSPICIOUS_MOVE = YES;
				CLANG_WARN_UNGUARDED_AVAILABILITY = YES_AGGRESSIVE;
				CLANG_WARN_UNREACHABLE_CODE = YES;
				CLANG_WARN__DUPLICATE_METHOD_MATCH = YES;
				COPY_PHASE_STRIP = NO;
				DEBUG_INFORMATION_FORMAT = dwarf;
				ENABLE_STRICT_OBJC_MSGSEND = YES;
				ENABLE_TESTABILITY = YES;
				GCC_C_LANGUAGE_STANDARD = gnu11;
				GCC_DYNAMIC_NO_PIC = NO;
				GCC_NO_COMMON_BLOCKS = YES;
				GCC_OPTIMIZATION_LEVEL = 0;
				GCC_PREPROCESSOR_DEFINITIONS = (
					"DEBUG=1",
					"$(inherited)",
				);
				GCC_WARN_64_TO_32_BIT_CONVERSION = YES;
				GCC_WARN_ABOUT_RETURN_TYPE = YES_ERROR;
				GCC_WARN_UNDECLARED_SELECTOR = YES;
				GCC_WARN_UNINITIALIZED_AUTOS = YES_AGGRESSIVE;
				GCC_WARN_UNUSED_FUNCTION = YES;
				GCC_WARN_UNUSED_VARIABLE = YES;
				IPHONEOS_DEPLOYMENT_TARGET = 15.2;
				MTL_ENABLE_DEBUG_INFO = INCLUDE_SOURCE;
				MTL_FAST_MATH = YES;
				ONLY_ACTIVE_ARCH = YES;
				SDKROOT = iphoneos;
				SWIFT_ACTIVE_COMPILATION_CONDITIONS = DEBUG;
				SWIFT_OPTIMIZATION_LEVEL = "-Onone";
			};
			name = Debug;
		};
		846274712799BCFB00C254BD /* Release */ = {
			isa = XCBuildConfiguration;
			buildSettings = {
				ALWAYS_SEARCH_USER_PATHS = NO;
				CLANG_ANALYZER_NONNULL = YES;
				CLANG_ANALYZER_NUMBER_OBJECT_CONVERSION = YES_AGGRESSIVE;
				CLANG_CXX_LANGUAGE_STANDARD = "gnu++17";
				CLANG_CXX_LIBRARY = "libc++";
				CLANG_ENABLE_MODULES = YES;
				CLANG_ENABLE_OBJC_ARC = YES;
				CLANG_ENABLE_OBJC_WEAK = YES;
				CLANG_WARN_BLOCK_CAPTURE_AUTORELEASING = YES;
				CLANG_WARN_BOOL_CONVERSION = YES;
				CLANG_WARN_COMMA = YES;
				CLANG_WARN_CONSTANT_CONVERSION = YES;
				CLANG_WARN_DEPRECATED_OBJC_IMPLEMENTATIONS = YES;
				CLANG_WARN_DIRECT_OBJC_ISA_USAGE = YES_ERROR;
				CLANG_WARN_DOCUMENTATION_COMMENTS = YES;
				CLANG_WARN_EMPTY_BODY = YES;
				CLANG_WARN_ENUM_CONVERSION = YES;
				CLANG_WARN_INFINITE_RECURSION = YES;
				CLANG_WARN_INT_CONVERSION = YES;
				CLANG_WARN_NON_LITERAL_NULL_CONVERSION = YES;
				CLANG_WARN_OBJC_IMPLICIT_RETAIN_SELF = YES;
				CLANG_WARN_OBJC_LITERAL_CONVERSION = YES;
				CLANG_WARN_OBJC_ROOT_CLASS = YES_ERROR;
				CLANG_WARN_QUOTED_INCLUDE_IN_FRAMEWORK_HEADER = YES;
				CLANG_WARN_RANGE_LOOP_ANALYSIS = YES;
				CLANG_WARN_STRICT_PROTOTYPES = YES;
				CLANG_WARN_SUSPICIOUS_MOVE = YES;
				CLANG_WARN_UNGUARDED_AVAILABILITY = YES_AGGRESSIVE;
				CLANG_WARN_UNREACHABLE_CODE = YES;
				CLANG_WARN__DUPLICATE_METHOD_MATCH = YES;
				COPY_PHASE_STRIP = NO;
				DEBUG_INFORMATION_FORMAT = "dwarf-with-dsym";
				ENABLE_NS_ASSERTIONS = NO;
				ENABLE_STRICT_OBJC_MSGSEND = YES;
				GCC_C_LANGUAGE_STANDARD = gnu11;
				GCC_NO_COMMON_BLOCKS = YES;
				GCC_WARN_64_TO_32_BIT_CONVERSION = YES;
				GCC_WARN_ABOUT_RETURN_TYPE = YES_ERROR;
				GCC_WARN_UNDECLARED_SELECTOR = YES;
				GCC_WARN_UNINITIALIZED_AUTOS = YES_AGGRESSIVE;
				GCC_WARN_UNUSED_FUNCTION = YES;
				GCC_WARN_UNUSED_VARIABLE = YES;
				IPHONEOS_DEPLOYMENT_TARGET = 15.2;
				MTL_ENABLE_DEBUG_INFO = NO;
				MTL_FAST_MATH = YES;
				SDKROOT = iphoneos;
				SWIFT_COMPILATION_MODE = wholemodule;
				SWIFT_OPTIMIZATION_LEVEL = "-O";
				VALIDATE_PRODUCT = YES;
			};
			name = Release;
		};
		846274732799BCFB00C254BD /* Debug */ = {
			isa = XCBuildConfiguration;
			buildSettings = {
				ASSETCATALOG_COMPILER_APPICON_NAME = AppIcon;
				ASSETCATALOG_COMPILER_GLOBAL_ACCENT_COLOR_NAME = AccentColor;
				CODE_SIGN_STYLE = Automatic;
				CURRENT_PROJECT_VERSION = 1;
				DEVELOPMENT_TEAM = 35HS52KDG8;
				GENERATE_INFOPLIST_FILE = YES;
				INFOPLIST_FILE = BtcWorth/Info.plist;
				INFOPLIST_KEY_UIApplicationSupportsIndirectInputEvents = YES;
				INFOPLIST_KEY_UILaunchStoryboardName = LaunchScreen;
				INFOPLIST_KEY_UIMainStoryboardFile = Main;
				INFOPLIST_KEY_UISupportedInterfaceOrientations_iPad = "UIInterfaceOrientationPortrait UIInterfaceOrientationPortraitUpsideDown UIInterfaceOrientationLandscapeLeft UIInterfaceOrientationLandscapeRight";
				INFOPLIST_KEY_UISupportedInterfaceOrientations_iPhone = "UIInterfaceOrientationPortrait UIInterfaceOrientationLandscapeLeft UIInterfaceOrientationLandscapeRight";
				LD_RUNPATH_SEARCH_PATHS = (
					"$(inherited)",
					"@executable_path/Frameworks",
				);
				MARKETING_VERSION = 1.0;
				PRODUCT_BUNDLE_IDENTIFIER = com.bahrihrf.BtcWorth;
				PRODUCT_NAME = "$(TARGET_NAME)";
				SWIFT_EMIT_LOC_STRINGS = YES;
				SWIFT_VERSION = 5.0;
				TARGETED_DEVICE_FAMILY = "1,2";
			};
			name = Debug;
		};
		846274742799BCFB00C254BD /* Release */ = {
			isa = XCBuildConfiguration;
			buildSettings = {
				ASSETCATALOG_COMPILER_APPICON_NAME = AppIcon;
				ASSETCATALOG_COMPILER_GLOBAL_ACCENT_COLOR_NAME = AccentColor;
				CODE_SIGN_STYLE = Automatic;
				CURRENT_PROJECT_VERSION = 1;
				DEVELOPMENT_TEAM = 35HS52KDG8;
				GENERATE_INFOPLIST_FILE = YES;
				INFOPLIST_FILE = BtcWorth/Info.plist;
				INFOPLIST_KEY_UIApplicationSupportsIndirectInputEvents = YES;
				INFOPLIST_KEY_UILaunchStoryboardName = LaunchScreen;
				INFOPLIST_KEY_UIMainStoryboardFile = Main;
				INFOPLIST_KEY_UISupportedInterfaceOrientations_iPad = "UIInterfaceOrientationPortrait UIInterfaceOrientationPortraitUpsideDown UIInterfaceOrientationLandscapeLeft UIInterfaceOrientationLandscapeRight";
				INFOPLIST_KEY_UISupportedInterfaceOrientations_iPhone = "UIInterfaceOrientationPortrait UIInterfaceOrientationLandscapeLeft UIInterfaceOrientationLandscapeRight";
				LD_RUNPATH_SEARCH_PATHS = (
					"$(inherited)",
					"@executable_path/Frameworks",
				);
				MARKETING_VERSION = 1.0;
				PRODUCT_BUNDLE_IDENTIFIER = com.bahrihrf.BtcWorth;
				PRODUCT_NAME = "$(TARGET_NAME)";
				SWIFT_EMIT_LOC_STRINGS = YES;
				SWIFT_VERSION = 5.0;
				TARGETED_DEVICE_FAMILY = "1,2";
			};
			name = Release;
		};
/* End XCBuildConfiguration section */

/* Begin XCConfigurationList section */
		846274592799BCF900C254BD /* Build configuration list for PBXProject "BtcWorth" */ = {
			isa = XCConfigurationList;
			buildConfigurations = (
				846274702799BCFB00C254BD /* Debug */,
				846274712799BCFB00C254BD /* Release */,
			);
			defaultConfigurationIsVisible = 0;
			defaultConfigurationName = Release;
		};
		846274722799BCFB00C254BD /* Build configuration list for PBXNativeTarget "BtcWorth" */ = {
			isa = XCConfigurationList;
			buildConfigurations = (
				846274732799BCFB00C254BD /* Debug */,
				846274742799BCFB00C254BD /* Release */,
			);
			defaultConfigurationIsVisible = 0;
			defaultConfigurationName = Release;
		};
/* End XCConfigurationList section */
	};
	rootObject = 846274562799BCF900C254BD /* Project object */;
}
